
Microsoft Visual Studio Solution File, Format Version 12.00
# Visual Studio Version 16
VisualStudioVersion = 16.0.31424.327
MinimumVisualStudioVersion = 10.0.40219.1
Project("{8BC9CEB8-8B4A-11D0-8D11-00A0C91BC942}") = "Ex4_LAB", "Ex4_LAB\Ex4_LAB.vcxproj", "{5219CBFF-7A56-4082-991C-B4251DBD2D8D}"
EndProject
Global
	GlobalSection(SolutionConfigurationPlatforms) = preSolution
		Debug|x64 = Debug|x64
		Debug|x86 = Debug|x86
		Release|x64 = Release|x64
		Release|x86 = Release|x86
	EndGlobalSection
	GlobalSection(ProjectConfigurationPlatforms) = postSolution
		{5219CBFF-7A56-4082-991C-B4251DBD2D8D}.Debug|x64.ActiveCfg = Debug|x64
		{5219CBFF-7A56-4082-991C-B4251DBD2D8D}.Debug|x64.Build.0 = Debug|x64
		{5219CBFF-7A56-4082-991C-B4251DBD2D8D}.Debug|x86.ActiveCfg = Debug|Win32
		{5219CBFF-7A56-4082-991C-B4251DBD2D8D}.Debug|x86.Build.0 = Debug|Win32
		{5219CBFF-7A56-4082-991C-B4251DBD2D8D}.Release|x64.ActiveCfg = Release|x64
		{5219CBFF-7A56-4082-991C-B4251DBD2D8D}.Release|x64.Build.0 = Release|x64
		{5219CBFF-7A56-4082-991C-B4251DBD2D8D}.Release|x86.ActiveCfg = Release|Win32
		{5219CBFF-7A56-4082-991C-B4251DBD2D8D}.Release|x86.Build.0 = Release|Win32
	EndGlobalSection
	GlobalSection(SolutionProperties) = preSolution
		HideSolutionNode = FALSE
	EndGlobalSection
	GlobalSection(ExtensibilityGlobals) = postSolution
		SolutionGuid = {19343974-5DD1-4847-B5FF-F1BCFD82A7BD}
	EndGlobalSection
EndGlobal
