
Microsoft Visual Studio Solution File, Format Version 12.00
# Visual Studio Version 16
VisualStudioVersion = 16.0.31424.327
MinimumVisualStudioVersion = 10.0.40219.1
Project("{8BC9CEB8-8B4A-11D0-8D11-00A0C91BC942}") = "TowerHanoi", "TowerHanoi\TowerHanoi.vcxproj", "{3F248F77-6138-413C-805D-7E1E277D6CDC}"
EndProject
Global
	GlobalSection(SolutionConfigurationPlatforms) = preSolution
		Debug|x64 = Debug|x64
		Debug|x86 = Debug|x86
		Release|x64 = Release|x64
		Release|x86 = Release|x86
	EndGlobalSection
	GlobalSection(ProjectConfigurationPlatforms) = postSolution
		{3F248F77-6138-413C-805D-7E1E277D6CDC}.Debug|x64.ActiveCfg = Debug|x64
		{3F248F77-6138-413C-805D-7E1E277D6CDC}.Debug|x64.Build.0 = Debug|x64
		{3F248F77-6138-413C-805D-7E1E277D6CDC}.Debug|x86.ActiveCfg = Debug|Win32
		{3F248F77-6138-413C-805D-7E1E277D6CDC}.Debug|x86.Build.0 = Debug|Win32
		{3F248F77-6138-413C-805D-7E1E277D6CDC}.Release|x64.ActiveCfg = Release|x64
		{3F248F77-6138-413C-805D-7E1E277D6CDC}.Release|x64.Build.0 = Release|x64
		{3F248F77-6138-413C-805D-7E1E277D6CDC}.Release|x86.ActiveCfg = Release|Win32
		{3F248F77-6138-413C-805D-7E1E277D6CDC}.Release|x86.Build.0 = Release|Win32
	EndGlobalSection
	GlobalSection(SolutionProperties) = preSolution
		HideSolutionNode = FALSE
	EndGlobalSection
	GlobalSection(ExtensibilityGlobals) = postSolution
		SolutionGuid = {0A0BBDFC-3345-498E-970F-E001E3424A2B}
	EndGlobalSection
EndGlobal
