
Microsoft Visual Studio Solution File, Format Version 12.00
# Visual Studio Version 16
VisualStudioVersion = 16.0.31424.327
MinimumVisualStudioVersion = 10.0.40219.1
Project("{8BC9CEB8-8B4A-11D0-8D11-00A0C91BC942}") = "LinkList_by_slide", "LinkList_by_slide\LinkList_by_slide.vcxproj", "{895899C6-A401-41BD-B1C7-93DB6D3619A9}"
EndProject
Global
	GlobalSection(SolutionConfigurationPlatforms) = preSolution
		Debug|x64 = Debug|x64
		Debug|x86 = Debug|x86
		Release|x64 = Release|x64
		Release|x86 = Release|x86
	EndGlobalSection
	GlobalSection(ProjectConfigurationPlatforms) = postSolution
		{895899C6-A401-41BD-B1C7-93DB6D3619A9}.Debug|x64.ActiveCfg = Debug|x64
		{895899C6-A401-41BD-B1C7-93DB6D3619A9}.Debug|x64.Build.0 = Debug|x64
		{895899C6-A401-41BD-B1C7-93DB6D3619A9}.Debug|x86.ActiveCfg = Debug|Win32
		{895899C6-A401-41BD-B1C7-93DB6D3619A9}.Debug|x86.Build.0 = Debug|Win32
		{895899C6-A401-41BD-B1C7-93DB6D3619A9}.Release|x64.ActiveCfg = Release|x64
		{895899C6-A401-41BD-B1C7-93DB6D3619A9}.Release|x64.Build.0 = Release|x64
		{895899C6-A401-41BD-B1C7-93DB6D3619A9}.Release|x86.ActiveCfg = Release|Win32
		{895899C6-A401-41BD-B1C7-93DB6D3619A9}.Release|x86.Build.0 = Release|Win32
	EndGlobalSection
	GlobalSection(SolutionProperties) = preSolution
		HideSolutionNode = FALSE
	EndGlobalSection
	GlobalSection(ExtensibilityGlobals) = postSolution
		SolutionGuid = {891BCFFC-0FC4-44B8-88C7-FDCAE9BCF0C5}
	EndGlobalSection
EndGlobal
